# This file is autogenerated, do not edit; changes may be undone by the next 'dep ensure'.


[[projects]]
  branch = "master"
  digest = "1:be3ccd9f881604e4dd6d15cccfa126aa309232f0ba075ae5f92d3ef729a62758"
  name = "github.com/BurntSushi/toml"
  packages = ["."]
  pruneopts = "NUT"
  revision = "a368813c5e648fee92e5f6c30e3944ff9d5e8895"

[[projects]]
  branch = "master"
  digest = "1:707ebe952a8b3d00b343c01536c79c73771d100f63ec6babeaed5c79e2b8a8dd"
  name = "github.com/beorn7/perks"
  packages = ["quantile"]
  pruneopts = "NUT"
  revision = "3a771d992973f24aa725d07868b467d1ddfceafb"

[[projects]]
  digest = "1:f0102126ed788e002a957c7eab2011aaf76f52a80de4504f80182ddf986ef730"
  name = "github.com/c-bata/go-prompt"
  packages = ["."]
  pruneopts = "NUT"
  revision = "c52492ff1b386e5c0ba5271b5eaad165fab09eca"
  version = "v0.2.2"

[[projects]]
  branch = "master"
  digest = "1:8ecb89af7dfe3ac401bdb0c9390b134ef96a97e85f732d2b0604fb7b3977839f"
  name = "github.com/codahale/hdrhistogram"
  packages = ["."]
  pruneopts = "NUT"
  revision = "3a0bb77429bd3a61596f5e8a3172445844342120"

[[projects]]
  digest = "1:b5d39b97825baf278b9a71688b0a94e5bf96eca4a776da0f3b74b6daf2de8021"
  name = "github.com/coreos/etcd"
  packages = [
    "auth/authpb",
    "clientv3",
    "etcdserver/api/v3rpc/rpctypes",
    "etcdserver/etcdserverpb",
    "mvcc/mvccpb",
  ]
  pruneopts = "NUT"
  revision = "fb5cd6f1c72c2b98e0c4453444cdfba306da867b"
  version = "v3.2.14"

[[projects]]
  branch = "master"
  digest = "1:bc6296bc26efac31fbf5b832f38bbd4be92a16ace77687723e55919b3059d0e3"
  name = "github.com/cznic/mathutil"
  packages = ["."]
  pruneopts = "NUT"
  revision = "ca4c9f2c136954238c3158b92de72078c7672ecc"

[[projects]]
  digest = "1:6aef947ba53156da1a66ee891d70d61835e0dcfc9f0d728ae1132db651e81c22"
  name = "github.com/golang/protobuf"
  packages = [
    "jsonpb",
    "proto",
    "protoc-gen-go/descriptor",
    "ptypes",
    "ptypes/any",
    "ptypes/duration",
    "ptypes/struct",
    "ptypes/timestamp",
  ]
  pruneopts = "NUT"
  revision = "b4deda0973fb4c70b50d226b1af49f3da59f5265"
  version = "v1.1.0"

[[projects]]
  branch = "master"
  digest = "1:7f114b78210bf5b75f307fc97cff293633c835bab1e0ea8a744a44b39c042dfe"
  name = "github.com/golang/snappy"
  packages = ["."]
  pruneopts = "NUT"
  revision = "2e65f85255dbc3072edf28d6b5b8efc472979f5a"

[[projects]]
  branch = "master"
  digest = "1:245bd4eb633039cd66106a5d340ae826d87f4e36a8602fcc940e14176fd26ea7"
  name = "github.com/google/btree"
  packages = ["."]
  pruneopts = "NUT"
  revision = "e89373fe6b4a7413d7acd6da1725b83ef713e6e4"

[[projects]]
  digest = "1:d18e33c8c33ab7c5f6b9560ce566efdb240f12cb9cd0c40ae7a038b8899eedd6"
  name = "github.com/grpc-ecosystem/go-grpc-middleware"
  packages = [
    ".",
    "tags",
    "tracing/opentracing",
    "util/metautils",
  ]
  pruneopts = "NUT"
  revision = "c250d6563d4d4c20252cd865923440e829844f4e"
  version = "v1.0.0"

[[projects]]
  digest = "1:5872c7f130f62fc34bfda20babad36be6309c00b5c9207717f7cd2a51536fff4"
  name = "github.com/grpc-ecosystem/go-grpc-prometheus"
  packages = ["."]
  pruneopts = "NUT"
  revision = "c225b8c3b01faf2899099b768856a9e916e5087b"
  version = "v1.2.0"

[[projects]]
  digest = "1:406338ad39ab2e37b7f4452906442a3dbf0eb3379dd1f06aafb5c07e769a5fbb"
  name = "github.com/inconshreveable/mousetrap"
  packages = ["."]
  pruneopts = "NUT"
  revision = "76626ae9c91c4f2a10f34cad8ce83ea42c93bb75"
  version = "v1.0"

[[projects]]
  branch = "master"
  digest = "1:bf0932b52b437415f41054bb880e44bc604b3f02b7a3bff360530f6def7f5c7d"
  name = "github.com/juju/errors"
  packages = ["."]
  pruneopts = "NUT"
  revision = "22422dad46e14561a0854ad42497a75af9b61909"

[[projects]]
  digest = "1:08c231ec84231a7e23d67e4b58f975e1423695a32467a362ee55a803f9de8061"
  name = "github.com/mattn/go-colorable"
  packages = ["."]
  pruneopts = "NUT"
  revision = "167de6bfdfba052fa6b2d3664c8f5272e23c9072"
  version = "v0.0.9"

[[projects]]
  digest = "1:bc4f7eec3b7be8c6cb1f0af6c1e3333d5bb71072951aaaae2f05067b0803f287"
  name = "github.com/mattn/go-isatty"
  packages = ["."]
  pruneopts = "NUT"
  revision = "0360b2af4f38e8d38c7fce2a9f4e702702d73a39"
  version = "v0.0.3"

[[projects]]
  branch = "master"
  digest = "1:bff482b22ebed387378546ba6a7850fdef87fd47f8ee58a7c62124a8e889a56b"
  name = "github.com/mattn/go-runewidth"
  packages = ["."]
  pruneopts = "NUT"
  revision = "ce7b0b5c7b45a81508558cd1dba6bb1e4ddb51bb"

[[projects]]
  branch = "master"
  digest = "1:0d8e7ca99867d80a522b876a24f5a777b1717eaa952b87911924d44a45716faa"
  name = "github.com/mattn/go-tty"
  packages = ["."]
  pruneopts = "NUT"
  revision = "931426f7535ac39720c8909d70ece5a41a2502a6"

[[projects]]
  digest = "1:5985ef4caf91ece5d54817c11ea25f182697534f8ae6521eadcd628c142ac4b6"
  name = "github.com/matttproud/golang_protobuf_extensions"
  packages = ["pbutil"]
  pruneopts = "NUT"
  revision = "c12348ce28de40eed0136aa2b644d0ee0650e56c"
  version = "v1.0.1"

[[projects]]
  digest = "1:7da29c22bcc5c2ffb308324377dc00b5084650348c2799e573ed226d8cc9faf0"
  name = "github.com/opentracing/opentracing-go"
  packages = [
    ".",
    "ext",
    "log",
  ]
  pruneopts = "NUT"
  revision = "1949ddbfd147afd4d964a9f00b24eb291e0e7c38"
  version = "v1.0.2"

[[projects]]
  branch = "master"
  digest = "1:3bf17a6e6eaa6ad24152148a631d18662f7212e21637c2699bff3369b7f00fa2"
  name = "github.com/petar/GoLLRB"
  packages = ["llrb"]
  pruneopts = "NUT"
  revision = "53be0d36a84c2a886ca057d34b6aa4468df9ccb4"

[[projects]]
  branch = "master"
  digest = "1:8fd099a567b1e9b3a7e1f66d8547a0d2b1852427e86a0dae96fa59e9583e13e6"
  name = "github.com/pingcap/goleveldb"
  packages = [
    "leveldb",
    "leveldb/cache",
    "leveldb/comparer",
    "leveldb/errors",
    "leveldb/filter",
    "leveldb/iterator",
    "leveldb/journal",
    "leveldb/memdb",
    "leveldb/opt",
    "leveldb/storage",
    "leveldb/table",
    "leveldb/util",
  ]
  pruneopts = "NUT"
  revision = "b9ff6c35079e0b7925a4028005fc2dbc37aec69a"

[[projects]]
  branch = "master"
  digest = "1:161c5ed4d27b2ff0bfb6c675a6ce1dc5a452c9925b38ba1440d4c950796f9863"
  name = "github.com/pingcap/kvproto"
  packages = [
    "pkg/coprocessor",
    "pkg/eraftpb",
    "pkg/errorpb",
    "pkg/kvrpcpb",
    "pkg/metapb",
    "pkg/pdpb",
    "pkg/raft_serverpb",
    "pkg/tikvpb",
  ]
  pruneopts = "NUT"
  revision = "e76f1c4d455b2f1b7373cc53d2176f5589dfc86e"

[[projects]]
  digest = "1:dfeb742065836ea7838b772b698c96d6440ef292055bb23704d4bdca8dd75d75"
  name = "github.com/pingcap/pd"
  packages = ["pd-client"]
  pruneopts = "NUT"
  revision = "b64716707b7279a4ae822be767085ff17b5f3fea"
  version = "v2.0.5"

[[projects]]
  digest = "1:313098f4e66c8c704f76df4ddf3045db82dac3972eeff628a10e07a0f830e86e"
  name = "github.com/pingcap/tidb"
  packages = [
    "config",
    "kv",
    "meta",
    "meta/autoid",
    "metrics",
    "model",
    "mysql",
    "parser/opcode",
    "sessionctx",
    "sessionctx/binloginfo",
    "sessionctx/stmtctx",
    "sessionctx/variable",
    "store/tikv",
    "store/tikv/oracle",
    "store/tikv/oracle/oracles",
    "store/tikv/tikvrpc",
    "structure",
    "tablecodec",
    "terror",
    "types",
    "types/json",
    "util",
    "util/auth",
    "util/charset",
    "util/chunk",
    "util/codec",
    "util/format",
    "util/goroutine_pool",
    "util/hack",
    "util/kvcache",
    "util/logutil",
    "util/memory",
  ]
  pruneopts = "NUT"
  revision = "b13bc08462a584a085f377625a7bab0cc0351570"
  version = "v2.0.6"

[[projects]]
  digest = "1:9b8c09ab4ba145585f816352ab42c67da7450cfbe575cba8c4c2a6537ca534c8"
  name = "github.com/pingcap/tipb"
  packages = [
    "go-binlog",
    "go-tipb",
    "sharedbytes",
  ]
  pruneopts = "NUT"
  revision = "2d5073e5521a10f8db2adc0eaab2c46ca0a151d9"

[[projects]]
  digest = "1:5cf3f025cbee5951a4ee961de067c8a89fc95a5adabead774f82822efabab121"
  name = "github.com/pkg/errors"
  packages = ["."]
  pruneopts = "NUT"
  revision = "645ef00459ed84a119197bfb8d8205042c6df63d"
  version = "v0.8.0"

[[projects]]
  branch = "master"
  digest = "1:4f43b3c1b7e44980a5f3c593f8bf0e18844dc44f451a071c93e77e28cf990db6"
  name = "github.com/pkg/term"
  packages = ["termios"]
  pruneopts = "NUT"
  revision = "bffc007b7fd5a70e20e28f5b7649bb84671ef436"

[[projects]]
  digest = "1:3e5fd795ebf6a9e13e67d644da76130af7a6003286531f9573f8074c228b66a3"
  name = "github.com/prometheus/client_golang"
  packages = ["prometheus"]
  pruneopts = "NUT"
  revision = "c5b7fccd204277076155f10851dad72b76a49317"
  version = "v0.8.0"

[[projects]]
  branch = "master"
  digest = "1:2d5cd61daa5565187e1d96bae64dbbc6080dacf741448e9629c64fd93203b0d4"
  name = "github.com/prometheus/client_model"
  packages = ["go"]
  pruneopts = "NUT"
  revision = "5c3871d89910bfb32f5fcab2aa4b9ec68e65a99f"

[[projects]]
  branch = "master"
  digest = "1:fad5a35eea6a1a33d6c8f949fbc146f24275ca809ece854248187683f52cc30b"
  name = "github.com/prometheus/common"
  packages = [
    "expfmt",
    "internal/bitbucket.org/ww/goautoneg",
    "model",
  ]
  pruneopts = "NUT"
  revision = "c7de2306084e37d54b8be01f3541a8464345e9a5"

[[projects]]
  branch = "master"
  digest = "1:6621142cd60b7150ab66f38ff36303ca55843dc5a635c1f9a28f95ecddab72b4"
  name = "github.com/prometheus/procfs"
  packages = [
    ".",
    "internal/util",
    "nfs",
    "xfs",
  ]
  pruneopts = "NUT"
  revision = "05ee40e3a273f7245e8777337fc7b46e533a9a92"

[[projects]]
  digest = "1:4c173651d2deb815a0420aeb1b3f7ca3c4aef2d980ba164a501a53f6abf368ef"
  name = "github.com/sirupsen/logrus"
  packages = ["."]
  pruneopts = "NUT"
  revision = "3bcb09397d6d88e7676a9bc8433ca11ba5304837"

[[projects]]
  digest = "1:96ea40e8fab1400b769ff9669dd7f7de613c3a1943dd7f451c4ccbb05115bcaa"
  name = "github.com/spaolacci/murmur3"
  packages = ["."]
  pruneopts = "NUT"
  revision = "9f5d223c60793748f04a9d5b4b4eacddfc1f755d"
  version = "v1.1"

[[projects]]
  digest = "1:343d44e06621142ab09ae0c76c1799104cdfddd3ffb445d78b1adf8dc3ffaf3d"
  name = "github.com/spf13/cobra"
  packages = ["."]
  pruneopts = "NUT"
  revision = "ef82de70bb3f60c65fb8eebacbb2d122ef517385"
  version = "v0.0.3"

[[projects]]
  digest = "1:15e5c398fbd9d2c439b635a08ac161b13d04f0c2aa587fe256b65dc0c3efe8b7"
  name = "github.com/spf13/pflag"
  packages = ["."]
  pruneopts = "NUT"
  revision = "583c0c0531f06d5278b7d917446061adc344b5cd"
  version = "v1.0.1"

[[projects]]
  digest = "1:e102137207774595c04b9f8f33e24dee0e2b5e2a6551bd473d0b43c53f67f928"
  name = "github.com/twinj/uuid"
  packages = ["."]
  pruneopts = "NUT"
  revision = "835a10bbd6bce40820349a68b1368a62c3c5617c"
  version = "v1.0.0"

[[projects]]
  digest = "1:3d48c38e0eca8c66df62379c5ae7a83fb5cd839b94f241354c07ba077da7bc45"
  name = "github.com/uber/jaeger-client-go"
  packages = [
    ".",
    "config",
    "internal/baggage",
    "internal/baggage/remote",
    "internal/spanlog",
    "internal/throttler",
    "internal/throttler/remote",
    "log",
    "rpcmetrics",
    "thrift",
    "thrift-gen/agent",
    "thrift-gen/baggage",
    "thrift-gen/jaeger",
    "thrift-gen/sampling",
    "thrift-gen/zipkincore",
    "utils",
  ]
  pruneopts = "NUT"
  revision = "b043381d944715b469fd6b37addfd30145ca1758"
  version = "v2.14.0"

[[projects]]
  digest = "1:0f09db8429e19d57c8346ad76fbbc679341fa86073d3b8fb5ac919f0357d8f4c"
  name = "github.com/uber/jaeger-lib"
  packages = ["metrics"]
  pruneopts = "NUT"
  revision = "ed3a127ec5fef7ae9ea95b01b542c47fbd999ce5"
  version = "v1.5.0"

[[projects]]
  branch = "master"
  digest = "1:98f099782e33665fa7aa22c534581cd4a18f9a06b9af22cf57721019511d74b4"
  name = "golang.org/x/net"
  packages = [
    "context",
    "http/httpguts",
    "http2",
    "http2/hpack",
    "idna",
    "internal/timeseries",
    "trace",
  ]
  pruneopts = "NUT"
  revision = "f9ce57c11b242f0f1599cf25c89d8cb02c45295a"

[[projects]]
  branch = "master"
  digest = "1:8fef7f12793f5484ab64c607e9889f823f095060ac0fd573ffb36f052205979a"
  name = "golang.org/x/sys"
  packages = ["unix"]
  pruneopts = "NUT"
  revision = "904bdc257025c7b3f43c19360ad3ab85783fad78"

[[projects]]
  digest = "1:f896505f33fdf5f120d202901ffcafef36c4ff5da2f1ac1aa09c9a51143ac535"
  name = "golang.org/x/text"
  packages = [
    "collate",
    "collate/build",
    "encoding",
    "encoding/charmap",
    "encoding/internal",
    "encoding/internal/identifier",
    "encoding/japanese",
    "encoding/korean",
    "encoding/simplifiedchinese",
    "encoding/traditionalchinese",
    "encoding/unicode",
    "internal/colltab",
    "internal/gen",
    "internal/tag",
    "internal/triegen",
    "internal/ucd",
    "internal/utf8internal",
    "language",
    "runes",
    "secure/bidirule",
    "transform",
    "unicode/bidi",
    "unicode/cldr",
    "unicode/norm",
    "unicode/rangetable",
  ]
  pruneopts = "NUT"
  revision = "f21a4dfb5e38f5895301dc265a8def02365cc3d0"
  version = "v0.3.0"

[[projects]]
  branch = "master"
  digest = "1:6c6b70cf6d2788d9f7dc6589bc88e0e1c7edc40612294431ebb7d09536d12240"
  name = "google.golang.org/genproto"
  packages = [
    "googleapis/api/annotations",
    "googleapis/rpc/status",
  ]
  pruneopts = "NUT"
  revision = "383e8b2c3b9e36c4076b235b32537292176bae20"

[[projects]]
  digest = "1:97fea9e0152ca5f68ad34cd4adf6cf98cf268647a1a3f6c464fabf321a9ce9bf"
  name = "google.golang.org/grpc"
  packages = [
    ".",
    "balancer",
    "codes",
    "connectivity",
    "credentials",
    "grpclb/grpc_lb_v1/messages",
    "grpclog",
    "health/grpc_health_v1",
    "internal",
    "keepalive",
    "metadata",
    "naming",
    "peer",
    "resolver",
    "stats",
    "status",
    "tap",
    "transport",
  ]
  pruneopts = "NUT"
  revision = "5b3c4e850e90a4cf6a20ebd46c8b32a0a3afcb9e"
  source = "https://github.com/grpc/grpc-go.git"
  version = "v1.7.5"

[[projects]]
  digest = "1:80c34337e8a734e190f2d1b716cae774cca74db98315166f92074434e9af0227"
  name = "gopkg.in/natefinch/lumberjack.v2"
  packages = ["."]
  pruneopts = "NUT"
  revision = "a96e63847dc3c67d17befa69c303767e2f84e54f"
  version = "v2.1"

[solve-meta]
  analyzer-name = "dep"
  analyzer-version = 1
  input-imports = [
    "github.com/c-bata/go-prompt",
    "github.com/golang/protobuf/jsonpb",
    "github.com/pingcap/tidb/kv",
    "github.com/pingcap/tidb/store/tikv",
    "github.com/sirupsen/logrus",
    "github.com/spf13/cobra",
  ]
  solver-name = "gps-cdcl"
  solver-version = 1
